{
  "requires": true,
  "lockfileVersion": 1,
  "dependencies": {
    "acorn": {
      "version": "6.1.1",
      "resolved": "http://r.cnpmjs.org/acorn/download/acorn-6.1.1.tgz",
      "integrity": "sha1-fSWuBbuK0fm2mRCOEJTs14hK3B8="
    },
    "acorn-jsx": {
      "version": "5.0.1",
      "resolved": "http://r.cnpmjs.org/acorn-jsx/download/acorn-jsx-5.0.1.tgz",
      "integrity": "sha1-MqBk/ZJUKSFqCbFBECv90YX65A4="
    },
    "debug": {
      "version": "4.1.1",
      "resolved": "http://r.cnpmjs.org/debug/download/debug-4.1.1.tgz",
      "integrity": "sha1-O3ImAlUQnGtYnO4FDx1RYTlmR5E=",
      "requires": {
        "ms": "^2.1.1"
      }
    },
    "eslint-plugin-vue": {
      "version": "5.2.2",
      "resolved": "http://r.cnpmjs.org/eslint-plugin-vue/download/eslint-plugin-vue-5.2.2.tgz",
      "integrity": "sha1-hmAYI7dyG3C8ktVPFyjPwDs2KDw=",
      "requires": {
        "vue-eslint-parser": "^5.0.0"
      }
    },
    "eslint-scope": {
      "version": "4.0.3",
      "resolved": "http://r.cnpmjs.org/eslint-scope/download/eslint-scope-4.0.3.tgz",
      "integrity": "sha1-ygODMxD2iJoyZHgaqC5j65z+eEg=",
      "requires": {
        "esrecurse": "^4.1.0",
        "estraverse": "^4.1.1"
      }
    },
    "eslint-visitor-keys": {
      "version": "1.0.0",
      "resolved": "http://r.cnpmjs.org/eslint-visitor-keys/download/eslint-visitor-keys-1.0.0.tgz",
      "integrity": "sha1-PzGA+y4pEBdxastMnW1bXDSmqB0="
    },
    "espree": {
      "version": "4.1.0",
      "resolved": "http://r.cnpmjs.org/espree/download/espree-4.1.0.tgz",
      "integrity": "sha1-co1UUeD9FWwEOEp62J7VH/VOsl8=",
      "requires": {
        "acorn": "^6.0.2",
        "acorn-jsx": "^5.0.0",
        "eslint-visitor-keys": "^1.0.0"
      }
    },
    "esquery": {
      "version": "1.0.1",
      "resolved": "http://r.cnpmjs.org/esquery/download/esquery-1.0.1.tgz",
      "integrity": "sha1-QGxRZYsfWZGl+bYrHcJbAOPlxwg=",
      "requires": {
        "estraverse": "^4.0.0"
      }
    },
    "esrecurse": {
      "version": "4.2.1",
      "resolved": "http://r.cnpmjs.org/esrecurse/download/esrecurse-4.2.1.tgz",
      "integrity": "sha1-AHo7n9vCs7uH5IeeoZyS/b05Qs8=",
      "requires": {
        "estraverse": "^4.1.0"
      }
    },
    "estraverse": {
      "version": "4.2.0",
      "resolved": "http://r.cnpmjs.org/estraverse/download/estraverse-4.2.0.tgz",
      "integrity": "sha1-De4/7TH81GlhjOc0IJn8GvoL2xM="
    },
    "lodash": {
      "version": "4.17.11",
      "resolved": "http://r.cnpmjs.org/lodash/download/lodash-4.17.11.tgz",
      "integrity": "sha1-s56mIp72B+zYniyN8SU2iRysm40="
    },
    "ms": {
      "version": "2.1.1",
      "resolved": "http://r.cnpmjs.org/ms/download/ms-2.1.1.tgz",
      "integrity": "sha1-MKWGTrPrsKZvLr5tcnrwagnYbgo="
    },
    "vue-eslint-parser": {
      "version": "5.0.0",
      "resolved": "http://r.cnpmjs.org/vue-eslint-parser/download/vue-eslint-parser-5.0.0.tgz",
      "integrity": "sha1-APTk2pTsl0uCGib/DtD3p4QCuKE=",
      "requires": {
        "debug": "^4.1.0",
        "eslint-scope": "^4.0.0",
        "eslint-visitor-keys": "^1.0.0",
        "espree": "^4.1.0",
        "esquery": "^1.0.1",
        "lodash": "^4.17.11"
      }
    }
  }
}
